
Microsoft Visual Studio Solution File, Format Version 12.00
# Visual Studio Version 17
VisualStudioVersion = 17.0.32112.339
MinimumVisualStudioVersion = 10.0.40219.1
Project("{FAE04EC0-301F-11D3-BF4B-00C04F79EFBC}") = "THW4", "THW4\THW4.csproj", "{C8692FB8-3A2A-4D46-957F-96FDB0BCC72C}"
EndProject
Global
	GlobalSection(SolutionConfigurationPlatforms) = preSolution
		Debug|Any CPU = Debug|Any CPU
		Release|Any CPU = Release|Any CPU
	EndGlobalSection
	GlobalSection(ProjectConfigurationPlatforms) = postSolution
		{C8692FB8-3A2A-4D46-957F-96FDB0BCC72C}.Debug|Any CPU.ActiveCfg = Debug|Any CPU
		{C8692FB8-3A2A-4D46-957F-96FDB0BCC72C}.Debug|Any CPU.Build.0 = Debug|Any CPU
		{C8692FB8-3A2A-4D46-957F-96FDB0BCC72C}.Release|Any CPU.ActiveCfg = Release|Any CPU
		{C8692FB8-3A2A-4D46-957F-96FDB0BCC72C}.Release|Any CPU.Build.0 = Release|Any CPU
	EndGlobalSection
	GlobalSection(SolutionProperties) = preSolution
		HideSolutionNode = FALSE
	EndGlobalSection
	GlobalSection(ExtensibilityGlobals) = postSolution
		SolutionGuid = {F9F23E30-D2AA-4EC2-941D-FCC8F2920384}
	EndGlobalSection
EndGlobal
